// !$*UTF8*$!
{
	archiveVersion = 1;
	classes = {
	};
	objectVersion = 50;
	objects = {

/* Begin PBXBuildFile section */
		AB7042AA222B617B00116149 /* Grid.swift in Sources */ = {isa = PBXBuildFile; fileRef = AB7042A9222B617B00116149 /* Grid.swift */; };
		ABD3915522324DBD00D49E0E /* GridView.swift in Sources */ = {isa = PBXBuildFile; fileRef = ABD3915422324DBD00D49E0E /* GridView.swift */; };
		ABD3915722328C4400D49E0E /* CardView.swift in Sources */ = {isa = PBXBuildFile; fileRef = ABD3915622328C4400D49E0E /* CardView.swift */; };
		ABEBA9EE2215CCB100843492 /* AppDelegate.swift in Sources */ = {isa = PBXBuildFile; fileRef = ABEBA9ED2215CCB100843492 /* AppDelegate.swift */; };
		ABEBA9F02215CCB100843492 /* ViewController.swift in Sources */ = {isa = PBXBuildFile; fileRef = ABEBA9EF2215CCB100843492 /* ViewController.swift */; };
		ABEBA9F32215CCB100843492 /* Main.storyboard in Resources */ = {isa = PBXBuildFile; fileRef = ABEBA9F12215CCB100843492 /* Main.storyboard */; };
		ABEBA9F52215CCB100843492 /* Assets.xcassets in Resources */ = {isa = PBXBuildFile; fileRef = ABEBA9F42215CCB100843492 /* Assets.xcassets */; };
		ABEBA9F82215CCB100843492 /* LaunchScreen.storyboard in Resources */ = {isa = PBXBuildFile; fileRef = ABEBA9F62215CCB100843492 /* LaunchScreen.storyboard */; };
		ABEBAA002215CCC700843492 /* Set.swift in Sources */ = {isa = PBXBuildFile; fileRef = ABEBA9FF2215CCC700843492 /* Set.swift */; };
		ABEBAA022215CCD600843492 /* Card.swift in Sources */ = {isa = PBXBuildFile; fileRef = ABEBAA012215CCD600843492 /* Card.swift */; };
/* End PBXBuildFile section */

/* Begin PBXFileReference section */
		AB7042A9222B617B00116149 /* Grid.swift */ = {isa = PBXFileReference; lastKnownFileType = sourcecode.swift; path = Grid.swift; sourceTree = "<group>"; };
		ABD3915422324DBD00D49E0E /* GridView.swift */ = {isa = PBXFileReference; lastKnownFileType = sourcecode.swift; path = GridView.swift; sourceTree = "<group>"; };
		ABD3915622328C4400D49E0E /* CardView.swift */ = {isa = PBXFileReference; lastKnownFileType = sourcecode.swift; path = CardView.swift; sourceTree = "<group>"; };
		ABEBA9EA2215CCB100843492 /* Set.app */ = {isa = PBXFileReference; explicitFileType = wrapper.application; includeInIndex = 0; path = Set.app; sourceTree = BUILT_PRODUCTS_DIR; };
		ABEBA9ED2215CCB100843492 /* AppDelegate.swift */ = {isa = PBXFileReference; lastKnownFileType = sourcecode.swift; path = AppDelegate.swift; sourceTree = "<group>"; };
		ABEBA9EF2215CCB100843492 /* ViewController.swift */ = {isa = PBXFileReference; lastKnownFileType = sourcecode.swift; path = ViewController.swift; sourceTree = "<group>"; };
		ABEBA9F22215CCB100843492 /* Base */ = {isa = PBXFileReference; lastKnownFileType = file.storyboard; name = Base; path = Base.lproj/Main.storyboard; sourceTree = "<group>"; };
		ABEBA9F42215CCB100843492 /* Assets.xcassets */ = {isa = PBXFileReference; lastKnownFileType = folder.assetcatalog; path = Assets.xcassets; sourceTree = "<group>"; };
		ABEBA9F72215CCB100843492 /* Base */ = {isa = PBXFileReference; lastKnownFileType = file.storyboard; name = Base; path = Base.lproj/LaunchScreen.storyboard; sourceTree = "<group>"; };
		ABEBA9F92215CCB100843492 /* Info.plist */ = {isa = PBXFileReference; lastKnownFileType = text.plist.xml; path = Info.plist; sourceTree = "<group>"; };
		ABEBA9FF2215CCC700843492 /* Set.swift */ = {isa = PBXFileReference; lastKnownFileType = sourcecode.swift; path = Set.swift; sourceTree = "<group>"; };
		ABEBAA012215CCD600843492 /* Card.swift */ = {isa = PBXFileReference; lastKnownFileType = sourcecode.swift; path = Card.swift; sourceTree = "<group>"; };
/* End PBXFileReference section */

/* Begin PBXFrameworksBuildPhase section */
		ABEBA9E72215CCB100843492 /* Frameworks */ = {
			isa = PBXFrameworksBuildPhase;
			buildActionMask = 2147483647;
			files = (
			);
			runOnlyForDeploymentPostprocessing = 0;
		};
/* End PBXFrameworksBuildPhase section */

/* Begin PBXGroup section */
		ABEBA9E12215CCB100843492 = {
			isa = PBXGroup;
			children = (
				ABEBA9EC2215CCB100843492 /* Set */,
				ABEBA9EB2215CCB100843492 /* Products */,
			);
			sourceTree = "<group>";
		};
		ABEBA9EB2215CCB100843492 /* Products */ = {
			isa = PBXGroup;
			children = (
				ABEBA9EA2215CCB100843492 /* Set.app */,
			);
			name = Products;
			sourceTree = "<group>";
		};
		ABEBA9EC2215CCB100843492 /* Set */ = {
			isa = PBXGroup;
			children = (
				ABEBA9ED2215CCB100843492 /* AppDelegate.swift */,
				ABEBA9F12215CCB100843492 /* Main.storyboard */,
				ABEBA9F42215CCB100843492 /* Assets.xcassets */,
				ABEBA9EF2215CCB100843492 /* ViewController.swift */,
				ABEBA9F62215CCB100843492 /* LaunchScreen.storyboard */,
				ABEBA9F92215CCB100843492 /* Info.plist */,
				AB7042A9222B617B00116149 /* Grid.swift */,
				ABD3915422324DBD00D49E0E /* GridView.swift */,
				ABD3915622328C4400D49E0E /* CardView.swift */,
				ABEBAA012215CCD600843492 /* Card.swift */,
				ABEBA9FF2215CCC700843492 /* Set.swift */,
			);
			path = Set;
			sourceTree = "<group>";
		};
/* End PBXGroup section */

/* Begin PBXNativeTarget section */
		ABEBA9E92215CCB100843492 /* Set */ = {
			isa = PBXNativeTarget;
			buildConfigurationList = ABEBA9FC2215CCB100843492 /* Build configuration list for PBXNativeTarget "Set" */;
			buildPhases = (
				ABEBA9E62215CCB100843492 /* Sources */,
				ABEBA9E72215CCB100843492 /* Frameworks */,
				ABEBA9E82215CCB100843492 /* Resources */,
			);
			buildRules = (
			);
			dependencies = (
			);
			name = Set;
			productName = Set;
			productReference = ABEBA9EA2215CCB100843492 /* Set.app */;
			productType = "com.apple.product-type.application";
		};
/* End PBXNativeTarget section */

/* Begin PBXProject section */
		ABEBA9E22215CCB100843492 /* Project object */ = {
			isa = PBXProject;
			attributes = {
				LastSwiftUpdateCheck = 1010;
				LastUpgradeCheck = 1010;
				ORGANIZATIONNAME = Teo;
				TargetAttributes = {
					ABEBA9E92215CCB100843492 = {
						CreatedOnToolsVersion = 10.1;
					};
				};
			};
			buildConfigurationList = ABEBA9E52215CCB100843492 /* Build configuration list for PBXProject "Set" */;
			compatibilityVersion = "Xcode 9.3";
			developmentRegion = en;
			hasScannedForEncodings = 0;
			knownRegions = (
				en,
				Base,
			);
			mainGroup = ABEBA9E12215CCB100843492;
			productRefGroup = ABEBA9EB2215CCB100843492 /* Products */;
			projectDirPath = "";
			projectRoot = "";
			targets = (
				ABEBA9E92215CCB100843492 /* Set */,
			);
		};
/* End PBXProject section */

/* Begin PBXResourcesBuildPhase section */
		ABEBA9E82215CCB100843492 /* Resources */ = {
			isa = PBXResourcesBuildPhase;
			buildActionMask = 2147483647;
			files = (
				ABEBA9F82215CCB100843492 /* LaunchScreen.storyboard in Resources */,
				ABEBA9F52215CCB100843492 /* Assets.xcassets in Resources */,
				ABEBA9F32215CCB100843492 /* Main.storyboard in Resources */,
			);
			runOnlyForDeploymentPostprocessing = 0;
		};
/* End PBXResourcesBuildPhase section */

/* Begin PBXSourcesBuildPhase section */
		ABEBA9E62215CCB100843492 /* Sources */ = {
			isa = PBXSourcesBuildPhase;
			buildActionMask = 2147483647;
			files = (
				ABD3915722328C4400D49E0E /* CardView.swift in Sources */,
				AB7042AA222B617B00116149 /* Grid.swift in Sources */,
				ABEBA9F02215CCB100843492 /* ViewController.swift in Sources */,
				ABEBA9EE2215CCB100843492 /* AppDelegate.swift in Sources */,
				ABEBAA002215CCC700843492 /* Set.swift in Sources */,
				ABD3915522324DBD00D49E0E /* GridView.swift in Sources */,
				ABEBAA022215CCD600843492 /* Card.swift in Sources */,
			);
			runOnlyForDeploymentPostprocessing = 0;
		};
/* End PBXSourcesBuildPhase section */

/* Begin PBXVariantGroup section */
		ABEBA9F12215CCB100843492 /* Main.storyboard */ = {
			isa = PBXVariantGroup;
			children = (
				ABEBA9F22215CCB100843492 /* Base */,
			);
			name = Main.storyboard;
			sourceTree = "<group>";
		};
		ABEBA9F62215CCB100843492 /* LaunchScreen.storyboard */ = {
			isa = PBXVariantGroup;
			children = (
				ABEBA9F72215CCB100843492 /* Base */,
			);
			name = LaunchScreen.storyboard;
			sourceTree = "<group>";
		};
/* End PBXVariantGroup section */

/* Begin XCBuildConfiguration section */
		ABEBA9FA2215CCB100843492 /* Debug */ = {
			isa = XCBuildConfiguration;
			buildSettings = {
				ALWAYS_SEARCH_USER_PATHS = NO;
				CLANG_ANALYZER_NONNULL = YES;
				CLANG_ANALYZER_NUMBER_OBJECT_CONVERSION = YES_AGGRESSIVE;
				CLANG_CXX_LANGUAGE_STANDARD = "gnu++14";
				CLANG_CXX_LIBRARY = "libc++";
				CLANG_ENABLE_MODULES = YES;
				CLANG_ENABLE_OBJC_ARC = YES;
				CLANG_ENABLE_OBJC_WEAK = YES;
				CLANG_WARN_BLOCK_CAPTURE_AUTORELEASING = YES;
				CLANG_WARN_BOOL_CONVERSION = YES;
				CLANG_WARN_COMMA = YES;
				CLANG_WARN_CONSTANT_CONVERSION = YES;
				CLANG_WARN_DEPRECATED_OBJC_IMPLEMENTATIONS = YES;
				CLANG_WARN_DIRECT_OBJC_ISA_USAGE = YES_ERROR;
				CLANG_WARN_DOCUMENTATION_COMMENTS = YES;
				CLANG_WARN_EMPTY_BODY = YES;
				CLANG_WARN_ENUM_CONVERSION = YES;
				CLANG_WARN_INFINITE_RECURSION = YES;
				CLANG_WARN_INT_CONVERSION = YES;
				CLANG_WARN_NON_LITERAL_NULL_CONVERSION = YES;
				CLANG_WARN_OBJC_IMPLICIT_RETAIN_SELF = YES;
				CLANG_WARN_OBJC_LITERAL_CONVERSION = YES;
				CLANG_WARN_OBJC_ROOT_CLASS = YES_ERROR;
				CLANG_WARN_RANGE_LOOP_ANALYSIS = YES;
				CLANG_WARN_STRICT_PROTOTYPES = YES;
				CLANG_WARN_SUSPICIOUS_MOVE = YES;
				CLANG_WARN_UNGUARDED_AVAILABILITY = YES_AGGRESSIVE;
				CLANG_WARN_UNREACHABLE_CODE = YES;
				CLANG_WARN__DUPLICATE_METHOD_MATCH = YES;
				CODE_SIGN_IDENTITY = "iPhone Developer";
				COPY_PHASE_STRIP = NO;
				DEBUG_INFORMATION_FORMAT = dwarf;
				ENABLE_STRICT_OBJC_MSGSEND = YES;
				ENABLE_TESTABILITY = YES;
				GCC_C_LANGUAGE_STANDARD = gnu11;
				GCC_DYNAMIC_NO_PIC = NO;
				GCC_NO_COMMON_BLOCKS = YES;
				GCC_OPTIMIZATION_LEVEL = 0;
				GCC_PREPROCESSOR_DEFINITIONS = (
					"DEBUG=1",
					"$(inherited)",
				);
				GCC_WARN_64_TO_32_BIT_CONVERSION = YES;
				GCC_WARN_ABOUT_RETURN_TYPE = YES_ERROR;
				GCC_WARN_UNDECLARED_SELECTOR = YES;
				GCC_WARN_UNINITIALIZED_AUTOS = YES_AGGRESSIVE;
				GCC_WARN_UNUSED_FUNCTION = YES;
				GCC_WARN_UNUSED_VARIABLE = YES;
				IPHONEOS_DEPLOYMENT_TARGET = 12.1;
				MTL_ENABLE_DEBUG_INFO = INCLUDE_SOURCE;
				MTL_FAST_MATH = YES;
				ONLY_ACTIVE_ARCH = YES;
				SDKROOT = iphoneos;
				SWIFT_ACTIVE_COMPILATION_CONDITIONS = DEBUG;
				SWIFT_OPTIMIZATION_LEVEL = "-Onone";
			};
			name = Debug;
		};
		ABEBA9FB2215CCB100843492 /* Release */ = {
			isa = XCBuildConfiguration;
			buildSettings = {
				ALWAYS_SEARCH_USER_PATHS = NO;
				CLANG_ANALYZER_NONNULL = YES;
				CLANG_ANALYZER_NUMBER_OBJECT_CONVERSION = YES_AGGRESSIVE;
				CLANG_CXX_LANGUAGE_STANDARD = "gnu++14";
				CLANG_CXX_LIBRARY = "libc++";
				CLANG_ENABLE_MODULES = YES;
				CLANG_ENABLE_OBJC_ARC = YES;
				CLANG_ENABLE_OBJC_WEAK = YES;
				CLANG_WARN_BLOCK_CAPTURE_AUTORELEASING = YES;
				CLANG_WARN_BOOL_CONVERSION = YES;
				CLANG_WARN_COMMA = YES;
				CLANG_WARN_CONSTANT_CONVERSION = YES;
				CLANG_WARN_DEPRECATED_OBJC_IMPLEMENTATIONS = YES;
				CLANG_WARN_DIRECT_OBJC_ISA_USAGE = YES_ERROR;
				CLANG_WARN_DOCUMENTATION_COMMENTS = YES;
				CLANG_WARN_EMPTY_BODY = YES;
				CLANG_WARN_ENUM_CONVERSION = YES;
				CLANG_WARN_INFINITE_RECURSION = YES;
				CLANG_WARN_INT_CONVERSION = YES;
				CLANG_WARN_NON_LITERAL_NULL_CONVERSION = YES;
				CLANG_WARN_OBJC_IMPLICIT_RETAIN_SELF = YES;
				CLANG_WARN_OBJC_LITERAL_CONVERSION = YES;
				CLANG_WARN_OBJC_ROOT_CLASS = YES_ERROR;
				CLANG_WARN_RANGE_LOOP_ANALYSIS = YES;
				CLANG_WARN_STRICT_PROTOTYPES = YES;
				CLANG_WARN_SUSPICIOUS_MOVE = YES;
				CLANG_WARN_UNGUARDED_AVAILABILITY = YES_AGGRESSIVE;
				CLANG_WARN_UNREACHABLE_CODE = YES;
				CLANG_WARN__DUPLICATE_METHOD_MATCH = YES;
				CODE_SIGN_IDENTITY = "iPhone Developer";
				COPY_PHASE_STRIP = NO;
				DEBUG_INFORMATION_FORMAT = "dwarf-with-dsym";
				ENABLE_NS_ASSERTIONS = NO;
				ENABLE_STRICT_OBJC_MSGSEND = YES;
				GCC_C_LANGUAGE_STANDARD = gnu11;
				GCC_NO_COMMON_BLOCKS = YES;
				GCC_WARN_64_TO_32_BIT_CONVERSION = YES;
				GCC_WARN_ABOUT_RETURN_TYPE = YES_ERROR;
				GCC_WARN_UNDECLARED_SELECTOR = YES;
				GCC_WARN_UNINITIALIZED_AUTOS = YES_AGGRESSIVE;
				GCC_WARN_UNUSED_FUNCTION = YES;
				GCC_WARN_UNUSED_VARIABLE = YES;
				IPHONEOS_DEPLOYMENT_TARGET = 12.1;
				MTL_ENABLE_DEBUG_INFO = NO;
				MTL_FAST_MATH = YES;
				SDKROOT = iphoneos;
				SWIFT_COMPILATION_MODE = wholemodule;
				SWIFT_OPTIMIZATION_LEVEL = "-O";
				VALIDATE_PRODUCT = YES;
			};
			name = Release;
		};
		ABEBA9FD2215CCB100843492 /* Debug */ = {
			isa = XCBuildConfiguration;
			buildSettings = {
				ASSETCATALOG_COMPILER_APPICON_NAME = AppIcon;
				CODE_SIGN_STYLE = Automatic;
				DEVELOPMENT_TEAM = XWSC5H5Q3W;
				INFOPLIST_FILE = Set/Info.plist;
				LD_RUNPATH_SEARCH_PATHS = (
					"$(inherited)",
					"@executable_path/Frameworks",
				);
				PRODUCT_BUNDLE_IDENTIFIER = Teo.Set;
				PRODUCT_NAME = "$(TARGET_NAME)";
				SWIFT_VERSION = 4.2;
				TARGETED_DEVICE_FAMILY = "1,2";
			};
			name = Debug;
		};
		ABEBA9FE2215CCB100843492 /* Release */ = {
			isa = XCBuildConfiguration;
			buildSettings = {
				ASSETCATALOG_COMPILER_APPICON_NAME = AppIcon;
				CODE_SIGN_STYLE = Automatic;
				DEVELOPMENT_TEAM = XWSC5H5Q3W;
				INFOPLIST_FILE = Set/Info.plist;
				LD_RUNPATH_SEARCH_PATHS = (
					"$(inherited)",
					"@executable_path/Frameworks",
				);
				PRODUCT_BUNDLE_IDENTIFIER = Teo.Set;
				PRODUCT_NAME = "$(TARGET_NAME)";
				SWIFT_VERSION = 4.2;
				TARGETED_DEVICE_FAMILY = "1,2";
			};
			name = Release;
		};
/* End XCBuildConfiguration section */

/* Begin XCConfigurationList section */
		ABEBA9E52215CCB100843492 /* Build configuration list for PBXProject "Set" */ = {
			isa = XCConfigurationList;
			buildConfigurations = (
				ABEBA9FA2215CCB100843492 /* Debug */,
				ABEBA9FB2215CCB100843492 /* Release */,
			);
			defaultConfigurationIsVisible = 0;
			defaultConfigurationName = Release;
		};
		ABEBA9FC2215CCB100843492 /* Build configuration list for PBXNativeTarget "Set" */ = {
			isa = XCConfigurationList;
			buildConfigurations = (
				ABEBA9FD2215CCB100843492 /* Debug */,
				ABEBA9FE2215CCB100843492 /* Release */,
			);
			defaultConfigurationIsVisible = 0;
			defaultConfigurationName = Release;
		};
/* End XCConfigurationList section */
	};
	rootObject = ABEBA9E22215CCB100843492 /* Project object */;
}
